
Microsoft Visual Studio Solution File, Format Version 12.00
# Visual Studio Version 16
VisualStudioVersion = 16.0.29709.97
MinimumVisualStudioVersion = 10.0.40219.1
Project("{FAE04EC0-301F-11D3-BF4B-00C04F79EFBC}") = "myPad", "myPad.csproj", "{97ACCAD2-2DBC-4004-AA7F-518CA6D8B4BD}"
EndProject
Global
	GlobalSection(SolutionConfigurationPlatforms) = preSolution
		Debug|Any CPU = Debug|Any CPU
		Release|Any CPU = Release|Any CPU
	EndGlobalSection
	GlobalSection(ProjectConfigurationPlatforms) = postSolution
		{97ACCAD2-2DBC-4004-AA7F-518CA6D8B4BD}.Debug|Any CPU.ActiveCfg = Debug|Any CPU
		{97ACCAD2-2DBC-4004-AA7F-518CA6D8B4BD}.Debug|Any CPU.Build.0 = Debug|Any CPU
		{97ACCAD2-2DBC-4004-AA7F-518CA6D8B4BD}.Release|Any CPU.ActiveCfg = Release|Any CPU
		{97ACCAD2-2DBC-4004-AA7F-518CA6D8B4BD}.Release|Any CPU.Build.0 = Release|Any CPU
	EndGlobalSection
	GlobalSection(SolutionProperties) = preSolution
		HideSolutionNode = FALSE
	EndGlobalSection
	GlobalSection(ExtensibilityGlobals) = postSolution
		SolutionGuid = {EC1D5E96-4677-4D4A-A4AC-D7D8C551EA69}
	EndGlobalSection
EndGlobal
